// !$*UTF8*$!
{
	archiveVersion = 1;
	classes = {
	};
	objectVersion = 56;
	objects = {

/* Begin PBXBuildFile section */
		3F82D09D2A812712006AF43D /* AppDelegate.swift in Sources */ = {isa = PBXBuildFile; fileRef = 3F82D09C2A812712006AF43D /* AppDelegate.swift */; };
		3F82D09F2A812712006AF43D /* SceneDelegate.swift in Sources */ = {isa = PBXBuildFile; fileRef = 3F82D09E2A812712006AF43D /* SceneDelegate.swift */; };
		3F82D0A12A812712006AF43D /* MainViewController.swift in Sources */ = {isa = PBXBuildFile; fileRef = 3F82D0A02A812712006AF43D /* MainViewController.swift */; };
		3F82D0A72A812712006AF43D /* Ubersnap.xcdatamodeld in Sources */ = {isa = PBXBuildFile; fileRef = 3F82D0A52A812712006AF43D /* Ubersnap.xcdatamodeld */; };
		3F82D0A92A812715006AF43D /* Assets.xcassets in Resources */ = {isa = PBXBuildFile; fileRef = 3F82D0A82A812715006AF43D /* Assets.xcassets */; };
		3F82D0AC2A812715006AF43D /* LaunchScreen.storyboard in Resources */ = {isa = PBXBuildFile; fileRef = 3F82D0AA2A812715006AF43D /* LaunchScreen.storyboard */; };
		3F82D0B92A812802006AF43D /* UIViewController+Extension.swift in Sources */ = {isa = PBXBuildFile; fileRef = 3F82D0B82A812802006AF43D /* UIViewController+Extension.swift */; };
		3F82D0BB2A812883006AF43D /* Main.storyboard in Resources */ = {isa = PBXBuildFile; fileRef = 3F82D0BA2A812883006AF43D /* Main.storyboard */; };
		3F82D0BE2A8128D4006AF43D /* BottomSheetView.swift in Sources */ = {isa = PBXBuildFile; fileRef = 3F82D0BC2A8128D4006AF43D /* BottomSheetView.swift */; };
		3F82D0BF2A8128D4006AF43D /* Sheet.swift in Sources */ = {isa = PBXBuildFile; fileRef = 3F82D0BD2A8128D4006AF43D /* Sheet.swift */; };
		3F82D0C12A8128F9006AF43D /* NSNotification+Extension.swift in Sources */ = {isa = PBXBuildFile; fileRef = 3F82D0C02A8128F9006AF43D /* NSNotification+Extension.swift */; };
		3F82D0C32A812A02006AF43D /* Color+Extension.swift in Sources */ = {isa = PBXBuildFile; fileRef = 3F82D0C22A812A02006AF43D /* Color+Extension.swift */; };
		3F82D0C62A812C5F006AF43D /* TaskComposer.swift in Sources */ = {isa = PBXBuildFile; fileRef = 3F82D0C52A812C5F006AF43D /* TaskComposer.swift */; };
		3F82D0CA2A812C7B006AF43D /* Date+Extension.swift in Sources */ = {isa = PBXBuildFile; fileRef = 3F82D0C72A812C7B006AF43D /* Date+Extension.swift */; };
		3F82D0CB2A812C7B006AF43D /* Text+Extension.swift in Sources */ = {isa = PBXBuildFile; fileRef = 3F82D0C82A812C7B006AF43D /* Text+Extension.swift */; };
		3F82D0CC2A812C7B006AF43D /* Collection+Extension.swift in Sources */ = {isa = PBXBuildFile; fileRef = 3F82D0C92A812C7B006AF43D /* Collection+Extension.swift */; };
		3F82D0D02A812C8D006AF43D /* DateGrid.swift in Sources */ = {isa = PBXBuildFile; fileRef = 3F82D0CE2A812C8D006AF43D /* DateGrid.swift */; };
		3F82D0D12A812C8D006AF43D /* DatePicker.swift in Sources */ = {isa = PBXBuildFile; fileRef = 3F82D0CF2A812C8D006AF43D /* DatePicker.swift */; };
		3F82D0D42A812CF4006AF43D /* GetCalendarByMonthAndYearUseCase.swift in Sources */ = {isa = PBXBuildFile; fileRef = 3F82D0D32A812CF4006AF43D /* GetCalendarByMonthAndYearUseCase.swift */; };
		3F82D0D72A812E3E006AF43D /* ReactiveSwift in Frameworks */ = {isa = PBXBuildFile; productRef = 3F82D0D62A812E3E006AF43D /* ReactiveSwift */; };
		3F82D0D92A812E53006AF43D /* Keyboard+Utils.swift in Sources */ = {isa = PBXBuildFile; fileRef = 3F82D0D82A812E53006AF43D /* Keyboard+Utils.swift */; };
		3F82D0DB2A812E8E006AF43D /* SafeArea+Utils.swift in Sources */ = {isa = PBXBuildFile; fileRef = 3F82D0DA2A812E8E006AF43D /* SafeArea+Utils.swift */; };
/* End PBXBuildFile section */

/* Begin PBXFileReference section */
		3F82D0992A812712006AF43D /* Ubersnap.app */ = {isa = PBXFileReference; explicitFileType = wrapper.application; includeInIndex = 0; path = Ubersnap.app; sourceTree = BUILT_PRODUCTS_DIR; };
		3F82D09C2A812712006AF43D /* AppDelegate.swift */ = {isa = PBXFileReference; lastKnownFileType = sourcecode.swift; path = AppDelegate.swift; sourceTree = "<group>"; };
		3F82D09E2A812712006AF43D /* SceneDelegate.swift */ = {isa = PBXFileReference; lastKnownFileType = sourcecode.swift; path = SceneDelegate.swift; sourceTree = "<group>"; };
		3F82D0A02A812712006AF43D /* MainViewController.swift */ = {isa = PBXFileReference; lastKnownFileType = sourcecode.swift; path = MainViewController.swift; sourceTree = "<group>"; };
		3F82D0A62A812712006AF43D /* Ubersnap.xcdatamodel */ = {isa = PBXFileReference; lastKnownFileType = wrapper.xcdatamodel; path = Ubersnap.xcdatamodel; sourceTree = "<group>"; };
		3F82D0A82A812715006AF43D /* Assets.xcassets */ = {isa = PBXFileReference; lastKnownFileType = folder.assetcatalog; path = Assets.xcassets; sourceTree = "<group>"; };
		3F82D0AB2A812715006AF43D /* Base */ = {isa = PBXFileReference; lastKnownFileType = file.storyboard; name = Base; path = Base.lproj/LaunchScreen.storyboard; sourceTree = "<group>"; };
		3F82D0AD2A812715006AF43D /* Info.plist */ = {isa = PBXFileReference; lastKnownFileType = text.plist.xml; path = Info.plist; sourceTree = "<group>"; };
		3F82D0B82A812802006AF43D /* UIViewController+Extension.swift */ = {isa = PBXFileReference; lastKnownFileType = sourcecode.swift; path = "UIViewController+Extension.swift"; sourceTree = "<group>"; };
		3F82D0BA2A812883006AF43D /* Main.storyboard */ = {isa = PBXFileReference; fileEncoding = 4; lastKnownFileType = file.storyboard; path = Main.storyboard; sourceTree = "<group>"; };
		3F82D0BC2A8128D4006AF43D /* BottomSheetView.swift */ = {isa = PBXFileReference; fileEncoding = 4; lastKnownFileType = sourcecode.swift; path = BottomSheetView.swift; sourceTree = "<group>"; };
		3F82D0BD2A8128D4006AF43D /* Sheet.swift */ = {isa = PBXFileReference; fileEncoding = 4; lastKnownFileType = sourcecode.swift; path = Sheet.swift; sourceTree = "<group>"; };
		3F82D0C02A8128F9006AF43D /* NSNotification+Extension.swift */ = {isa = PBXFileReference; fileEncoding = 4; lastKnownFileType = sourcecode.swift; path = "NSNotification+Extension.swift"; sourceTree = "<group>"; };
		3F82D0C22A812A02006AF43D /* Color+Extension.swift */ = {isa = PBXFileReference; fileEncoding = 4; lastKnownFileType = sourcecode.swift; path = "Color+Extension.swift"; sourceTree = "<group>"; };
		3F82D0C52A812C5F006AF43D /* TaskComposer.swift */ = {isa = PBXFileReference; fileEncoding = 4; lastKnownFileType = sourcecode.swift; path = TaskComposer.swift; sourceTree = "<group>"; };
		3F82D0C72A812C7B006AF43D /* Date+Extension.swift */ = {isa = PBXFileReference; fileEncoding = 4; lastKnownFileType = sourcecode.swift; path = "Date+Extension.swift"; sourceTree = "<group>"; };
		3F82D0C82A812C7B006AF43D /* Text+Extension.swift */ = {isa = PBXFileReference; fileEncoding = 4; lastKnownFileType = sourcecode.swift; path = "Text+Extension.swift"; sourceTree = "<group>"; };
		3F82D0C92A812C7B006AF43D /* Collection+Extension.swift */ = {isa = PBXFileReference; fileEncoding = 4; lastKnownFileType = sourcecode.swift; path = "Collection+Extension.swift"; sourceTree = "<group>"; };
		3F82D0CE2A812C8D006AF43D /* DateGrid.swift */ = {isa = PBXFileReference; fileEncoding = 4; lastKnownFileType = sourcecode.swift; path = DateGrid.swift; sourceTree = "<group>"; };
		3F82D0CF2A812C8D006AF43D /* DatePicker.swift */ = {isa = PBXFileReference; fileEncoding = 4; lastKnownFileType = sourcecode.swift; path = DatePicker.swift; sourceTree = "<group>"; };
		3F82D0D32A812CF4006AF43D /* GetCalendarByMonthAndYearUseCase.swift */ = {isa = PBXFileReference; fileEncoding = 4; lastKnownFileType = sourcecode.swift; path = GetCalendarByMonthAndYearUseCase.swift; sourceTree = "<group>"; };
		3F82D0D82A812E53006AF43D /* Keyboard+Utils.swift */ = {isa = PBXFileReference; lastKnownFileType = sourcecode.swift; path = "Keyboard+Utils.swift"; sourceTree = "<group>"; };
		3F82D0DA2A812E8E006AF43D /* SafeArea+Utils.swift */ = {isa = PBXFileReference; fileEncoding = 4; lastKnownFileType = sourcecode.swift; path = "SafeArea+Utils.swift"; sourceTree = "<group>"; };
/* End PBXFileReference section */

/* Begin PBXFrameworksBuildPhase section */
		3F82D0962A812712006AF43D /* Frameworks */ = {
			isa = PBXFrameworksBuildPhase;
			buildActionMask = 2147483647;
			files = (
				3F82D0D72A812E3E006AF43D /* ReactiveSwift in Frameworks */,
			);
			runOnlyForDeploymentPostprocessing = 0;
		};
/* End PBXFrameworksBuildPhase section */

/* Begin PBXGroup section */
		3F82D0902A812712006AF43D = {
			isa = PBXGroup;
			children = (
				3F82D09B2A812712006AF43D /* Ubersnap */,
				3F82D09A2A812712006AF43D /* Products */,
			);
			sourceTree = "<group>";
		};
		3F82D09A2A812712006AF43D /* Products */ = {
			isa = PBXGroup;
			children = (
				3F82D0992A812712006AF43D /* Ubersnap.app */,
			);
			name = Products;
			sourceTree = "<group>";
		};
		3F82D09B2A812712006AF43D /* Ubersnap */ = {
			isa = PBXGroup;
			children = (
				3F82D0B72A8127EE006AF43D /* Utils */,
				3F82D0B32A8127C6006AF43D /* Data */,
				3F82D0B52A8127D5006AF43D /* Domain */,
				3F82D0B62A8127D8006AF43D /* Presentation */,
				3F82D09C2A812712006AF43D /* AppDelegate.swift */,
				3F82D09E2A812712006AF43D /* SceneDelegate.swift */,
				3F82D0A82A812715006AF43D /* Assets.xcassets */,
				3F82D0BA2A812883006AF43D /* Main.storyboard */,
				3F82D0AA2A812715006AF43D /* LaunchScreen.storyboard */,
				3F82D0AD2A812715006AF43D /* Info.plist */,
				3F82D0A52A812712006AF43D /* Ubersnap.xcdatamodeld */,
			);
			path = Ubersnap;
			sourceTree = "<group>";
		};
		3F82D0B32A8127C6006AF43D /* Data */ = {
			isa = PBXGroup;
			children = (
			);
			path = Data;
			sourceTree = "<group>";
		};
		3F82D0B52A8127D5006AF43D /* Domain */ = {
			isa = PBXGroup;
			children = (
				3F82D0D22A812CF4006AF43D /* UseCase */,
			);
			path = Domain;
			sourceTree = "<group>";
		};
		3F82D0B62A8127D8006AF43D /* Presentation */ = {
			isa = PBXGroup;
			children = (
				3F82D0CD2A812C8D006AF43D /* DatePicker */,
				3F82D0C42A812C5F006AF43D /* Composer */,
				3F82D0A02A812712006AF43D /* MainViewController.swift */,
			);
			path = Presentation;
			sourceTree = "<group>";
		};
		3F82D0B72A8127EE006AF43D /* Utils */ = {
			isa = PBXGroup;
			children = (
				3F82D0DA2A812E8E006AF43D /* SafeArea+Utils.swift */,
				3F82D0C92A812C7B006AF43D /* Collection+Extension.swift */,
				3F82D0C72A812C7B006AF43D /* Date+Extension.swift */,
				3F82D0C82A812C7B006AF43D /* Text+Extension.swift */,
				3F82D0C22A812A02006AF43D /* Color+Extension.swift */,
				3F82D0BC2A8128D4006AF43D /* BottomSheetView.swift */,
				3F82D0C02A8128F9006AF43D /* NSNotification+Extension.swift */,
				3F82D0BD2A8128D4006AF43D /* Sheet.swift */,
				3F82D0B82A812802006AF43D /* UIViewController+Extension.swift */,
				3F82D0D82A812E53006AF43D /* Keyboard+Utils.swift */,
			);
			path = Utils;
			sourceTree = "<group>";
		};
		3F82D0C42A812C5F006AF43D /* Composer */ = {
			isa = PBXGroup;
			children = (
				3F82D0C52A812C5F006AF43D /* TaskComposer.swift */,
			);
			path = Composer;
			sourceTree = "<group>";
		};
		3F82D0CD2A812C8D006AF43D /* DatePicker */ = {
			isa = PBXGroup;
			children = (
				3F82D0CE2A812C8D006AF43D /* DateGrid.swift */,
				3F82D0CF2A812C8D006AF43D /* DatePicker.swift */,
			);
			path = DatePicker;
			sourceTree = "<group>";
		};
		3F82D0D22A812CF4006AF43D /* UseCase */ = {
			isa = PBXGroup;
			children = (
				3F82D0D32A812CF4006AF43D /* GetCalendarByMonthAndYearUseCase.swift */,
			);
			path = UseCase;
			sourceTree = "<group>";
		};
/* End PBXGroup section */

/* Begin PBXNativeTarget section */
		3F82D0982A812712006AF43D /* Ubersnap */ = {
			isa = PBXNativeTarget;
			buildConfigurationList = 3F82D0B02A812715006AF43D /* Build configuration list for PBXNativeTarget "Ubersnap" */;
			buildPhases = (
				3F82D0952A812712006AF43D /* Sources */,
				3F82D0962A812712006AF43D /* Frameworks */,
				3F82D0972A812712006AF43D /* Resources */,
			);
			buildRules = (
			);
			dependencies = (
			);
			name = Ubersnap;
			packageProductDependencies = (
				3F82D0D62A812E3E006AF43D /* ReactiveSwift */,
			);
			productName = Ubersnap;
			productReference = 3F82D0992A812712006AF43D /* Ubersnap.app */;
			productType = "com.apple.product-type.application";
		};
/* End PBXNativeTarget section */

/* Begin PBXProject section */
		3F82D0912A812712006AF43D /* Project object */ = {
			isa = PBXProject;
			attributes = {
				BuildIndependentTargetsInParallel = 1;
				LastSwiftUpdateCheck = 1430;
				LastUpgradeCheck = 1430;
				TargetAttributes = {
					3F82D0982A812712006AF43D = {
						CreatedOnToolsVersion = 14.3.1;
					};
				};
			};
			buildConfigurationList = 3F82D0942A812712006AF43D /* Build configuration list for PBXProject "Ubersnap" */;
			compatibilityVersion = "Xcode 14.0";
			developmentRegion = en;
			hasScannedForEncodings = 0;
			knownRegions = (
				en,
				Base,
			);
			mainGroup = 3F82D0902A812712006AF43D;
			packageReferences = (
				3F82D0D52A812E3E006AF43D /* XCRemoteSwiftPackageReference "ReactiveSwift" */,
			);
			productRefGroup = 3F82D09A2A812712006AF43D /* Products */;
			projectDirPath = "";
			projectRoot = "";
			targets = (
				3F82D0982A812712006AF43D /* Ubersnap */,
			);
		};
/* End PBXProject section */

/* Begin PBXResourcesBuildPhase section */
		3F82D0972A812712006AF43D /* Resources */ = {
			isa = PBXResourcesBuildPhase;
			buildActionMask = 2147483647;
			files = (
				3F82D0BB2A812883006AF43D /* Main.storyboard in Resources */,
				3F82D0AC2A812715006AF43D /* LaunchScreen.storyboard in Resources */,
				3F82D0A92A812715006AF43D /* Assets.xcassets in Resources */,
			);
			runOnlyForDeploymentPostprocessing = 0;
		};
/* End PBXResourcesBuildPhase section */

/* Begin PBXSourcesBuildPhase section */
		3F82D0952A812712006AF43D /* Sources */ = {
			isa = PBXSourcesBuildPhase;
			buildActionMask = 2147483647;
			files = (
				3F82D0A12A812712006AF43D /* MainViewController.swift in Sources */,
				3F82D0CA2A812C7B006AF43D /* Date+Extension.swift in Sources */,
				3F82D0C32A812A02006AF43D /* Color+Extension.swift in Sources */,
				3F82D0C12A8128F9006AF43D /* NSNotification+Extension.swift in Sources */,
				3F82D0CB2A812C7B006AF43D /* Text+Extension.swift in Sources */,
				3F82D0A72A812712006AF43D /* Ubersnap.xcdatamodeld in Sources */,
				3F82D09D2A812712006AF43D /* AppDelegate.swift in Sources */,
				3F82D0B92A812802006AF43D /* UIViewController+Extension.swift in Sources */,
				3F82D0CC2A812C7B006AF43D /* Collection+Extension.swift in Sources */,
				3F82D0D42A812CF4006AF43D /* GetCalendarByMonthAndYearUseCase.swift in Sources */,
				3F82D09F2A812712006AF43D /* SceneDelegate.swift in Sources */,
				3F82D0BE2A8128D4006AF43D /* BottomSheetView.swift in Sources */,
				3F82D0C62A812C5F006AF43D /* TaskComposer.swift in Sources */,
				3F82D0D92A812E53006AF43D /* Keyboard+Utils.swift in Sources */,
				3F82D0BF2A8128D4006AF43D /* Sheet.swift in Sources */,
				3F82D0D02A812C8D006AF43D /* DateGrid.swift in Sources */,
				3F82D0D12A812C8D006AF43D /* DatePicker.swift in Sources */,
				3F82D0DB2A812E8E006AF43D /* SafeArea+Utils.swift in Sources */,
			);
			runOnlyForDeploymentPostprocessing = 0;
		};
/* End PBXSourcesBuildPhase section */

/* Begin PBXVariantGroup section */
		3F82D0AA2A812715006AF43D /* LaunchScreen.storyboard */ = {
			isa = PBXVariantGroup;
			children = (
				3F82D0AB2A812715006AF43D /* Base */,
			);
			name = LaunchScreen.storyboard;
			sourceTree = "<group>";
		};
/* End PBXVariantGroup section */

/* Begin XCBuildConfiguration section */
		3F82D0AE2A812715006AF43D /* Debug */ = {
			isa = XCBuildConfiguration;
			buildSettings = {
				ALWAYS_SEARCH_USER_PATHS = NO;
				CLANG_ANALYZER_NONNULL = YES;
				CLANG_ANALYZER_NUMBER_OBJECT_CONVERSION = YES_AGGRESSIVE;
				CLANG_CXX_LANGUAGE_STANDARD = "gnu++20";
				CLANG_ENABLE_MODULES = YES;
				CLANG_ENABLE_OBJC_ARC = YES;
				CLANG_ENABLE_OBJC_WEAK = YES;
				CLANG_WARN_BLOCK_CAPTURE_AUTORELEASING = YES;
				CLANG_WARN_BOOL_CONVERSION = YES;
				CLANG_WARN_COMMA = YES;
				CLANG_WARN_CONSTANT_CONVERSION = YES;
				CLANG_WARN_DEPRECATED_OBJC_IMPLEMENTATIONS = YES;
				CLANG_WARN_DIRECT_OBJC_ISA_USAGE = YES_ERROR;
				CLANG_WARN_DOCUMENTATION_COMMENTS = YES;
				CLANG_WARN_EMPTY_BODY = YES;
				CLANG_WARN_ENUM_CONVERSION = YES;
				CLANG_WARN_INFINITE_RECURSION = YES;
				CLANG_WARN_INT_CONVERSION = YES;
				CLANG_WARN_NON_LITERAL_NULL_CONVERSION = YES;
				CLANG_WARN_OBJC_IMPLICIT_RETAIN_SELF = YES;
				CLANG_WARN_OBJC_LITERAL_CONVERSION = YES;
				CLANG_WARN_OBJC_ROOT_CLASS = YES_ERROR;
				CLANG_WARN_QUOTED_INCLUDE_IN_FRAMEWORK_HEADER = YES;
				CLANG_WARN_RANGE_LOOP_ANALYSIS = YES;
				CLANG_WARN_STRICT_PROTOTYPES = YES;
				CLANG_WARN_SUSPICIOUS_MOVE = YES;
				CLANG_WARN_UNGUARDED_AVAILABILITY = YES_AGGRESSIVE;
				CLANG_WARN_UNREACHABLE_CODE = YES;
				CLANG_WARN__DUPLICATE_METHOD_MATCH = YES;
				COPY_PHASE_STRIP = NO;
				DEBUG_INFORMATION_FORMAT = dwarf;
				ENABLE_STRICT_OBJC_MSGSEND = YES;
				ENABLE_TESTABILITY = YES;
				GCC_C_LANGUAGE_STANDARD = gnu11;
				GCC_DYNAMIC_NO_PIC = NO;
				GCC_NO_COMMON_BLOCKS = YES;
				GCC_OPTIMIZATION_LEVEL = 0;
				GCC_PREPROCESSOR_DEFINITIONS = (
					"DEBUG=1",
					"$(inherited)",
				);
				GCC_WARN_64_TO_32_BIT_CONVERSION = YES;
				GCC_WARN_ABOUT_RETURN_TYPE = YES_ERROR;
				GCC_WARN_UNDECLARED_SELECTOR = YES;
				GCC_WARN_UNINITIALIZED_AUTOS = YES_AGGRESSIVE;
				GCC_WARN_UNUSED_FUNCTION = YES;
				GCC_WARN_UNUSED_VARIABLE = YES;
				IPHONEOS_DEPLOYMENT_TARGET = 16.4;
				MTL_ENABLE_DEBUG_INFO = INCLUDE_SOURCE;
				MTL_FAST_MATH = YES;
				ONLY_ACTIVE_ARCH = YES;
				SDKROOT = iphoneos;
				SWIFT_ACTIVE_COMPILATION_CONDITIONS = DEBUG;
				SWIFT_OPTIMIZATION_LEVEL = "-Onone";
			};
			name = Debug;
		};
		3F82D0AF2A812715006AF43D /* Release */ = {
			isa = XCBuildConfiguration;
			buildSettings = {
				ALWAYS_SEARCH_USER_PATHS = NO;
				CLANG_ANALYZER_NONNULL = YES;
				CLANG_ANALYZER_NUMBER_OBJECT_CONVERSION = YES_AGGRESSIVE;
				CLANG_CXX_LANGUAGE_STANDARD = "gnu++20";
				CLANG_ENABLE_MODULES = YES;
				CLANG_ENABLE_OBJC_ARC = YES;
				CLANG_ENABLE_OBJC_WEAK = YES;
				CLANG_WARN_BLOCK_CAPTURE_AUTORELEASING = YES;
				CLANG_WARN_BOOL_CONVERSION = YES;
				CLANG_WARN_COMMA = YES;
				CLANG_WARN_CONSTANT_CONVERSION = YES;
				CLANG_WARN_DEPRECATED_OBJC_IMPLEMENTATIONS = YES;
				CLANG_WARN_DIRECT_OBJC_ISA_USAGE = YES_ERROR;
				CLANG_WARN_DOCUMENTATION_COMMENTS = YES;
				CLANG_WARN_EMPTY_BODY = YES;
				CLANG_WARN_ENUM_CONVERSION = YES;
				CLANG_WARN_INFINITE_RECURSION = YES;
				CLANG_WARN_INT_CONVERSION = YES;
				CLANG_WARN_NON_LITERAL_NULL_CONVERSION = YES;
				CLANG_WARN_OBJC_IMPLICIT_RETAIN_SELF = YES;
				CLANG_WARN_OBJC_LITERAL_CONVERSION = YES;
				CLANG_WARN_OBJC_ROOT_CLASS = YES_ERROR;
				CLANG_WARN_QUOTED_INCLUDE_IN_FRAMEWORK_HEADER = YES;
				CLANG_WARN_RANGE_LOOP_ANALYSIS = YES;
				CLANG_WARN_STRICT_PROTOTYPES = YES;
				CLANG_WARN_SUSPICIOUS_MOVE = YES;
				CLANG_WARN_UNGUARDED_AVAILABILITY = YES_AGGRESSIVE;
				CLANG_WARN_UNREACHABLE_CODE = YES;
				CLANG_WARN__DUPLICATE_METHOD_MATCH = YES;
				COPY_PHASE_STRIP = NO;
				DEBUG_INFORMATION_FORMAT = "dwarf-with-dsym";
				ENABLE_NS_ASSERTIONS = NO;
				ENABLE_STRICT_OBJC_MSGSEND = YES;
				GCC_C_LANGUAGE_STANDARD = gnu11;
				GCC_NO_COMMON_BLOCKS = YES;
				GCC_WARN_64_TO_32_BIT_CONVERSION = YES;
				GCC_WARN_ABOUT_RETURN_TYPE = YES_ERROR;
				GCC_WARN_UNDECLARED_SELECTOR = YES;
				GCC_WARN_UNINITIALIZED_AUTOS = YES_AGGRESSIVE;
				GCC_WARN_UNUSED_FUNCTION = YES;
				GCC_WARN_UNUSED_VARIABLE = YES;
				IPHONEOS_DEPLOYMENT_TARGET = 16.4;
				MTL_ENABLE_DEBUG_INFO = NO;
				MTL_FAST_MATH = YES;
				SDKROOT = iphoneos;
				SWIFT_COMPILATION_MODE = wholemodule;
				SWIFT_OPTIMIZATION_LEVEL = "-O";
				VALIDATE_PRODUCT = YES;
			};
			name = Release;
		};
		3F82D0B12A812715006AF43D /* Debug */ = {
			isa = XCBuildConfiguration;
			buildSettings = {
				ASSETCATALOG_COMPILER_APPICON_NAME = AppIcon;
				ASSETCATALOG_COMPILER_GLOBAL_ACCENT_COLOR_NAME = AccentColor;
				CODE_SIGN_STYLE = Automatic;
				CURRENT_PROJECT_VERSION = 1;
				DEVELOPMENT_TEAM = E3E3255CM9;
				GENERATE_INFOPLIST_FILE = YES;
				INFOPLIST_FILE = Ubersnap/Info.plist;
				INFOPLIST_KEY_UIApplicationSupportsIndirectInputEvents = YES;
				INFOPLIST_KEY_UILaunchStoryboardName = LaunchScreen;
				INFOPLIST_KEY_UIMainStoryboardFile = Main;
				INFOPLIST_KEY_UISupportedInterfaceOrientations_iPad = "UIInterfaceOrientationPortrait UIInterfaceOrientationPortraitUpsideDown UIInterfaceOrientationLandscapeLeft UIInterfaceOrientationLandscapeRight";
				INFOPLIST_KEY_UISupportedInterfaceOrientations_iPhone = "UIInterfaceOrientationPortrait UIInterfaceOrientationLandscapeLeft UIInterfaceOrientationLandscapeRight";
				LD_RUNPATH_SEARCH_PATHS = (
					"$(inherited)",
					"@executable_path/Frameworks",
				);
				MARKETING_VERSION = 1.0;
				PRODUCT_BUNDLE_IDENTIFIER = com.wagyufari.Ubersnap;
				PRODUCT_NAME = "$(TARGET_NAME)";
				SWIFT_EMIT_LOC_STRINGS = YES;
				SWIFT_VERSION = 5.0;
				TARGETED_DEVICE_FAMILY = "1,2";
			};
			name = Debug;
		};
		3F82D0B22A812715006AF43D /* Release */ = {
			isa = XCBuildConfiguration;
			buildSettings = {
				ASSETCATALOG_COMPILER_APPICON_NAME = AppIcon;
				ASSETCATALOG_COMPILER_GLOBAL_ACCENT_COLOR_NAME = AccentColor;
				CODE_SIGN_STYLE = Automatic;
				CURRENT_PROJECT_VERSION = 1;
				DEVELOPMENT_TEAM = E3E3255CM9;
				GENERATE_INFOPLIST_FILE = YES;
				INFOPLIST_FILE = Ubersnap/Info.plist;
				INFOPLIST_KEY_UIApplicationSupportsIndirectInputEvents = YES;
				INFOPLIST_KEY_UILaunchStoryboardName = LaunchScreen;
				INFOPLIST_KEY_UIMainStoryboardFile = Main;
				INFOPLIST_KEY_UISupportedInterfaceOrientations_iPad = "UIInterfaceOrientationPortrait UIInterfaceOrientationPortraitUpsideDown UIInterfaceOrientationLandscapeLeft UIInterfaceOrientationLandscapeRight";
				INFOPLIST_KEY_UISupportedInterfaceOrientations_iPhone = "UIInterfaceOrientationPortrait UIInterfaceOrientationLandscapeLeft UIInterfaceOrientationLandscapeRight";
				LD_RUNPATH_SEARCH_PATHS = (
					"$(inherited)",
					"@executable_path/Frameworks",
				);
				MARKETING_VERSION = 1.0;
				PRODUCT_BUNDLE_IDENTIFIER = com.wagyufari.Ubersnap;
				PRODUCT_NAME = "$(TARGET_NAME)";
				SWIFT_EMIT_LOC_STRINGS = YES;
				SWIFT_VERSION = 5.0;
				TARGETED_DEVICE_FAMILY = "1,2";
			};
			name = Release;
		};
/* End XCBuildConfiguration section */

/* Begin XCConfigurationList section */
		3F82D0942A812712006AF43D /* Build configuration list for PBXProject "Ubersnap" */ = {
			isa = XCConfigurationList;
			buildConfigurations = (
				3F82D0AE2A812715006AF43D /* Debug */,
				3F82D0AF2A812715006AF43D /* Release */,
			);
			defaultConfigurationIsVisible = 0;
			defaultConfigurationName = Release;
		};
		3F82D0B02A812715006AF43D /* Build configuration list for PBXNativeTarget "Ubersnap" */ = {
			isa = XCConfigurationList;
			buildConfigurations = (
				3F82D0B12A812715006AF43D /* Debug */,
				3F82D0B22A812715006AF43D /* Release */,
			);
			defaultConfigurationIsVisible = 0;
			defaultConfigurationName = Release;
		};
/* End XCConfigurationList section */

/* Begin XCRemoteSwiftPackageReference section */
		3F82D0D52A812E3E006AF43D /* XCRemoteSwiftPackageReference "ReactiveSwift" */ = {
			isa = XCRemoteSwiftPackageReference;
			repositoryURL = "https://github.com/ReactiveCocoa/ReactiveSwift";
			requirement = {
				kind = upToNextMajorVersion;
				minimumVersion = 7.0.0;
			};
		};
/* End XCRemoteSwiftPackageReference section */

/* Begin XCSwiftPackageProductDependency section */
		3F82D0D62A812E3E006AF43D /* ReactiveSwift */ = {
			isa = XCSwiftPackageProductDependency;
			package = 3F82D0D52A812E3E006AF43D /* XCRemoteSwiftPackageReference "ReactiveSwift" */;
			productName = ReactiveSwift;
		};
/* End XCSwiftPackageProductDependency section */

/* Begin XCVersionGroup section */
		3F82D0A52A812712006AF43D /* Ubersnap.xcdatamodeld */ = {
			isa = XCVersionGroup;
			children = (
				3F82D0A62A812712006AF43D /* Ubersnap.xcdatamodel */,
			);
			currentVersion = 3F82D0A62A812712006AF43D /* Ubersnap.xcdatamodel */;
			path = Ubersnap.xcdatamodeld;
			sourceTree = "<group>";
			versionGroupType = wrapper.xcdatamodel;
		};
/* End XCVersionGroup section */
	};
	rootObject = 3F82D0912A812712006AF43D /* Project object */;
}
